
Microsoft Visual Studio Solution File, Format Version 12.00
# Visual Studio Version 16
VisualStudioVersion = 16.0.31729.503
MinimumVisualStudioVersion = 10.0.40219.1
Project("{9A19103F-16F7-4668-BE54-9A1E7A4F7556}") = "ShareThoughtProject", "ShareThoughtProject\ShareThoughtProject.csproj", "{C9DD8BCD-8353-42E7-82FB-1C36ADADA64E}"
EndProject
Global
	GlobalSection(SolutionConfigurationPlatforms) = preSolution
		Debug|Any CPU = Debug|Any CPU
		Release|Any CPU = Release|Any CPU
	EndGlobalSection
	GlobalSection(ProjectConfigurationPlatforms) = postSolution
		{C9DD8BCD-8353-42E7-82FB-1C36ADADA64E}.Debug|Any CPU.ActiveCfg = Debug|Any CPU
		{C9DD8BCD-8353-42E7-82FB-1C36ADADA64E}.Debug|Any CPU.Build.0 = Debug|Any CPU
		{C9DD8BCD-8353-42E7-82FB-1C36ADADA64E}.Release|Any CPU.ActiveCfg = Release|Any CPU
		{C9DD8BCD-8353-42E7-82FB-1C36ADADA64E}.Release|Any CPU.Build.0 = Release|Any CPU
	EndGlobalSection
	GlobalSection(SolutionProperties) = preSolution
		HideSolutionNode = FALSE
	EndGlobalSection
	GlobalSection(ExtensibilityGlobals) = postSolution
		SolutionGuid = {A70BD974-0C29-4C22-96F8-91E3605A7CE7}
	EndGlobalSection
EndGlobal
