
Microsoft Visual Studio Solution File, Format Version 12.00
# Visual Studio Version 17
VisualStudioVersion = 17.0.32014.148
MinimumVisualStudioVersion = 10.0.40219.1
Project("{9A19103F-16F7-4668-BE54-9A1E7A4F7556}") = "ShareThoughtProjectApi", "ShareThoughtProject\ShareThoughtProjectApi.csproj", "{C9DD8BCD-8353-42E7-82FB-1C36ADADA64E}"
EndProject
Project("{54A90642-561A-4BB1-A94E-469ADEE60C69}") = "ShareThoughtProjectClient", "ShareThoughtProjectClient\ShareThoughtProjectClient.esproj", "{D35CCDCD-D9FD-4095-9F47-E89AB6CB211B}"
EndProject
Project("{FAE04EC0-301F-11D3-BF4B-00C04F79EFBC}") = "ShareThoughtProjectTests", "ShareThoughtProject_Tests\ShareThoughtProjectTests.csproj", "{56CC2BFD-3CCD-4930-8BC0-8CD62A4B5B9B}"
EndProject
Global
	GlobalSection(SolutionConfigurationPlatforms) = preSolution
		Debug|Any CPU = Debug|Any CPU
		Release|Any CPU = Release|Any CPU
	EndGlobalSection
	GlobalSection(ProjectConfigurationPlatforms) = postSolution
		{C9DD8BCD-8353-42E7-82FB-1C36ADADA64E}.Debug|Any CPU.ActiveCfg = Debug|Any CPU
		{C9DD8BCD-8353-42E7-82FB-1C36ADADA64E}.Debug|Any CPU.Build.0 = Debug|Any CPU
		{C9DD8BCD-8353-42E7-82FB-1C36ADADA64E}.Release|Any CPU.ActiveCfg = Release|Any CPU
		{C9DD8BCD-8353-42E7-82FB-1C36ADADA64E}.Release|Any CPU.Build.0 = Release|Any CPU
		{D35CCDCD-D9FD-4095-9F47-E89AB6CB211B}.Debug|Any CPU.ActiveCfg = Debug|Any CPU
		{D35CCDCD-D9FD-4095-9F47-E89AB6CB211B}.Debug|Any CPU.Build.0 = Debug|Any CPU
		{D35CCDCD-D9FD-4095-9F47-E89AB6CB211B}.Debug|Any CPU.Deploy.0 = Debug|Any CPU
		{D35CCDCD-D9FD-4095-9F47-E89AB6CB211B}.Release|Any CPU.ActiveCfg = Release|Any CPU
		{D35CCDCD-D9FD-4095-9F47-E89AB6CB211B}.Release|Any CPU.Build.0 = Release|Any CPU
		{D35CCDCD-D9FD-4095-9F47-E89AB6CB211B}.Release|Any CPU.Deploy.0 = Release|Any CPU
		{56CC2BFD-3CCD-4930-8BC0-8CD62A4B5B9B}.Debug|Any CPU.ActiveCfg = Debug|Any CPU
		{56CC2BFD-3CCD-4930-8BC0-8CD62A4B5B9B}.Debug|Any CPU.Build.0 = Debug|Any CPU
		{56CC2BFD-3CCD-4930-8BC0-8CD62A4B5B9B}.Release|Any CPU.ActiveCfg = Release|Any CPU
		{56CC2BFD-3CCD-4930-8BC0-8CD62A4B5B9B}.Release|Any CPU.Build.0 = Release|Any CPU
	EndGlobalSection
	GlobalSection(SolutionProperties) = preSolution
		HideSolutionNode = FALSE
	EndGlobalSection
	GlobalSection(ExtensibilityGlobals) = postSolution
		SolutionGuid = {A70BD974-0C29-4C22-96F8-91E3605A7CE7}
	EndGlobalSection
EndGlobal
